
Microsoft Visual Studio Solution File, Format Version 12.00
# Visual Studio Version 17
VisualStudioVersion = 17.14.36109.1 d17.14
MinimumVisualStudioVersion = 10.0.40219.1
Project("{FAE04EC0-301F-11D3-BF4B-00C04F79EFBC}") = "PROYECTO FINAL", "PROYECTO FINAL\PROYECTO FINAL.csproj", "{20A3061F-F557-44FB-972A-18D7188F928C}"
EndProject
Global
	GlobalSection(SolutionConfigurationPlatforms) = preSolution
		Debug|Any CPU = Debug|Any CPU
		Release|Any CPU = Release|Any CPU
	EndGlobalSection
	GlobalSection(ProjectConfigurationPlatforms) = postSolution
		{20A3061F-F557-44FB-972A-18D7188F928C}.Debug|Any CPU.ActiveCfg = Debug|Any CPU
		{20A3061F-F557-44FB-972A-18D7188F928C}.Debug|Any CPU.Build.0 = Debug|Any CPU
		{20A3061F-F557-44FB-972A-18D7188F928C}.Release|Any CPU.ActiveCfg = Release|Any CPU
		{20A3061F-F557-44FB-972A-18D7188F928C}.Release|Any CPU.Build.0 = Release|Any CPU
	EndGlobalSection
	GlobalSection(SolutionProperties) = preSolution
		HideSolutionNode = FALSE
	EndGlobalSection
	GlobalSection(ExtensibilityGlobals) = postSolution
		SolutionGuid = {BC0B82EA-F141-4750-A0EC-870F8B7EC669}
	EndGlobalSection
EndGlobal
